
Microsoft Visual Studio Solution File, Format Version 12.00
# Visual Studio Version 17
VisualStudioVersion = 17.5.33627.172
MinimumVisualStudioVersion = 10.0.40219.1
Project("{9A19103F-16F7-4668-BE54-9A1E7A4F7556}") = "CodexAppSuggestion", "CodexAppSuggestion.csproj", "{32510519-6100-49F6-AC66-CAA00A526CC8}"
EndProject
Global
	GlobalSection(SolutionConfigurationPlatforms) = preSolution
		Debug|Any CPU = Debug|Any CPU
		Release|Any CPU = Release|Any CPU
	EndGlobalSection
	GlobalSection(ProjectConfigurationPlatforms) = postSolution
		{32510519-6100-49F6-AC66-CAA00A526CC8}.Debug|Any CPU.ActiveCfg = Debug|Any CPU
		{32510519-6100-49F6-AC66-CAA00A526CC8}.Debug|Any CPU.Build.0 = Debug|Any CPU
		{32510519-6100-49F6-AC66-CAA00A526CC8}.Release|Any CPU.ActiveCfg = Release|Any CPU
		{32510519-6100-49F6-AC66-CAA00A526CC8}.Release|Any CPU.Build.0 = Release|Any CPU
	EndGlobalSection
	GlobalSection(SolutionProperties) = preSolution
		HideSolutionNode = FALSE
	EndGlobalSection
	GlobalSection(ExtensibilityGlobals) = postSolution
		SolutionGuid = {5A609B41-674C-4867-B11F-1CBBC967E6F6}
	EndGlobalSection
EndGlobal
